
Microsoft Visual Studio Solution File, Format Version 12.00
# Visual Studio 14
VisualStudioVersion = 14.0.25123.0
MinimumVisualStudioVersion = 10.0.40219.1
Project("{FAE04EC0-301F-11D3-BF4B-00C04F79EFBC}") = "JShibo.Serialization.InternalTest", "JShibo.Serialization.InternalTest.csproj", "{827A6A4E-E732-46A3-9BD6-46C57FA6F670}"
EndProject
Global
	GlobalSection(SolutionConfigurationPlatforms) = preSolution
		Debug|Any CPU = Debug|Any CPU
		Release|Any CPU = Release|Any CPU
	EndGlobalSection
	GlobalSection(ProjectConfigurationPlatforms) = postSolution
		{827A6A4E-E732-46A3-9BD6-46C57FA6F670}.Debug|Any CPU.ActiveCfg = Debug|Any CPU
		{827A6A4E-E732-46A3-9BD6-46C57FA6F670}.Debug|Any CPU.Build.0 = Debug|Any CPU
		{827A6A4E-E732-46A3-9BD6-46C57FA6F670}.Release|Any CPU.ActiveCfg = Release|Any CPU
		{827A6A4E-E732-46A3-9BD6-46C57FA6F670}.Release|Any CPU.Build.0 = Release|Any CPU
	EndGlobalSection
	GlobalSection(SolutionProperties) = preSolution
		HideSolutionNode = FALSE
	EndGlobalSection
EndGlobal
